// !$*UTF8*$!
{
	archiveVersion = 1;
	classes = {
	};
	objectVersion = 48;
	objects = {

/* Begin PBXBuildFile section */
		B60B52091FCD355400B4EFDD /* AppDelegate.m in Sources */ = {isa = PBXBuildFile; fileRef = B60B52081FCD355400B4EFDD /* AppDelegate.m */; };
		B60B520C1FCD355400B4EFDD /* ViewController.m in Sources */ = {isa = PBXBuildFile; fileRef = B60B520B1FCD355400B4EFDD /* ViewController.m */; };
		B60B520F1FCD355400B4EFDD /* Main.storyboard in Resources */ = {isa = PBXBuildFile; fileRef = B60B520D1FCD355400B4EFDD /* Main.storyboard */; };
		B60B52111FCD355400B4EFDD /* Assets.xcassets in Resources */ = {isa = PBXBuildFile; fileRef = B60B52101FCD355400B4EFDD /* Assets.xcassets */; };
		B60B52141FCD355400B4EFDD /* LaunchScreen.storyboard in Resources */ = {isa = PBXBuildFile; fileRef = B60B52121FCD355400B4EFDD /* LaunchScreen.storyboard */; };
		B60B52171FCD355400B4EFDD /* main.m in Sources */ = {isa = PBXBuildFile; fileRef = B60B52161FCD355400B4EFDD /* main.m */; };
		B60B52211FCD355400B4EFDD /* RuntimeTests.m in Sources */ = {isa = PBXBuildFile; fileRef = B60B52201FCD355400B4EFDD /* RuntimeTests.m */; };
		B60B522C1FCD355400B4EFDD /* RuntimeUITests.m in Sources */ = {isa = PBXBuildFile; fileRef = B60B522B1FCD355400B4EFDD /* RuntimeUITests.m */; };
		B61F00CE2058D03B008C908A /* Person.m in Sources */ = {isa = PBXBuildFile; fileRef = B61F00CD2058D03B008C908A /* Person.m */; };
/* End PBXBuildFile section */

/* Begin PBXContainerItemProxy section */
		B60B521D1FCD355400B4EFDD /* PBXContainerItemProxy */ = {
			isa = PBXContainerItemProxy;
			containerPortal = B60B51FC1FCD355400B4EFDD /* Project object */;
			proxyType = 1;
			remoteGlobalIDString = B60B52031FCD355400B4EFDD;
			remoteInfo = Runtime;
		};
		B60B52281FCD355400B4EFDD /* PBXContainerItemProxy */ = {
			isa = PBXContainerItemProxy;
			containerPortal = B60B51FC1FCD355400B4EFDD /* Project object */;
			proxyType = 1;
			remoteGlobalIDString = B60B52031FCD355400B4EFDD;
			remoteInfo = Runtime;
		};
/* End PBXContainerItemProxy section */

/* Begin PBXFileReference section */
		B60B52041FCD355400B4EFDD /* Runtime.app */ = {isa = PBXFileReference; explicitFileType = wrapper.application; includeInIndex = 0; path = Runtime.app; sourceTree = BUILT_PRODUCTS_DIR; };
		B60B52071FCD355400B4EFDD /* AppDelegate.h */ = {isa = PBXFileReference; lastKnownFileType = sourcecode.c.h; path = AppDelegate.h; sourceTree = "<group>"; };
		B60B52081FCD355400B4EFDD /* AppDelegate.m */ = {isa = PBXFileReference; lastKnownFileType = sourcecode.c.objc; path = AppDelegate.m; sourceTree = "<group>"; };
		B60B520A1FCD355400B4EFDD /* ViewController.h */ = {isa = PBXFileReference; lastKnownFileType = sourcecode.c.h; path = ViewController.h; sourceTree = "<group>"; };
		B60B520B1FCD355400B4EFDD /* ViewController.m */ = {isa = PBXFileReference; lastKnownFileType = sourcecode.c.objc; path = ViewController.m; sourceTree = "<group>"; };
		B60B520E1FCD355400B4EFDD /* Base */ = {isa = PBXFileReference; lastKnownFileType = file.storyboard; name = Base; path = Base.lproj/Main.storyboard; sourceTree = "<group>"; };
		B60B52101FCD355400B4EFDD /* Assets.xcassets */ = {isa = PBXFileReference; lastKnownFileType = folder.assetcatalog; path = Assets.xcassets; sourceTree = "<group>"; };
		B60B52131FCD355400B4EFDD /* Base */ = {isa = PBXFileReference; lastKnownFileType = file.storyboard; name = Base; path = Base.lproj/LaunchScreen.storyboard; sourceTree = "<group>"; };
		B60B52151FCD355400B4EFDD /* Info.plist */ = {isa = PBXFileReference; lastKnownFileType = text.plist.xml; path = Info.plist; sourceTree = "<group>"; };
		B60B52161FCD355400B4EFDD /* main.m */ = {isa = PBXFileReference; lastKnownFileType = sourcecode.c.objc; path = main.m; sourceTree = "<group>"; };
		B60B521C1FCD355400B4EFDD /* RuntimeTests.xctest */ = {isa = PBXFileReference; explicitFileType = wrapper.cfbundle; includeInIndex = 0; path = RuntimeTests.xctest; sourceTree = BUILT_PRODUCTS_DIR; };
		B60B52201FCD355400B4EFDD /* RuntimeTests.m */ = {isa = PBXFileReference; lastKnownFileType = sourcecode.c.objc; path = RuntimeTests.m; sourceTree = "<group>"; };
		B60B52221FCD355400B4EFDD /* Info.plist */ = {isa = PBXFileReference; lastKnownFileType = text.plist.xml; path = Info.plist; sourceTree = "<group>"; };
		B60B52271FCD355400B4EFDD /* RuntimeUITests.xctest */ = {isa = PBXFileReference; explicitFileType = wrapper.cfbundle; includeInIndex = 0; path = RuntimeUITests.xctest; sourceTree = BUILT_PRODUCTS_DIR; };
		B60B522B1FCD355400B4EFDD /* RuntimeUITests.m */ = {isa = PBXFileReference; lastKnownFileType = sourcecode.c.objc; path = RuntimeUITests.m; sourceTree = "<group>"; };
		B60B522D1FCD355400B4EFDD /* Info.plist */ = {isa = PBXFileReference; lastKnownFileType = text.plist.xml; path = Info.plist; sourceTree = "<group>"; };
		B61F00CC2058D03B008C908A /* Person.h */ = {isa = PBXFileReference; lastKnownFileType = sourcecode.c.h; path = Person.h; sourceTree = "<group>"; };
		B61F00CD2058D03B008C908A /* Person.m */ = {isa = PBXFileReference; lastKnownFileType = sourcecode.c.objc; path = Person.m; sourceTree = "<group>"; };
/* End PBXFileReference section */

/* Begin PBXFrameworksBuildPhase section */
		B60B52011FCD355400B4EFDD /* Frameworks */ = {
			isa = PBXFrameworksBuildPhase;
			buildActionMask = 2147483647;
			files = (
			);
			runOnlyForDeploymentPostprocessing = 0;
		};
		B60B52191FCD355400B4EFDD /* Frameworks */ = {
			isa = PBXFrameworksBuildPhase;
			buildActionMask = 2147483647;
			files = (
			);
			runOnlyForDeploymentPostprocessing = 0;
		};
		B60B52241FCD355400B4EFDD /* Frameworks */ = {
			isa = PBXFrameworksBuildPhase;
			buildActionMask = 2147483647;
			files = (
			);
			runOnlyForDeploymentPostprocessing = 0;
		};
/* End PBXFrameworksBuildPhase section */

/* Begin PBXGroup section */
		B60B51FB1FCD355400B4EFDD = {
			isa = PBXGroup;
			children = (
				B60B52061FCD355400B4EFDD /* Runtime */,
				B60B521F1FCD355400B4EFDD /* RuntimeTests */,
				B60B522A1FCD355400B4EFDD /* RuntimeUITests */,
				B60B52051FCD355400B4EFDD /* Products */,
			);
			sourceTree = "<group>";
		};
		B60B52051FCD355400B4EFDD /* Products */ = {
			isa = PBXGroup;
			children = (
				B60B52041FCD355400B4EFDD /* Runtime.app */,
				B60B521C1FCD355400B4EFDD /* RuntimeTests.xctest */,
				B60B52271FCD355400B4EFDD /* RuntimeUITests.xctest */,
			);
			name = Products;
			sourceTree = "<group>";
		};
		B60B52061FCD355400B4EFDD /* Runtime */ = {
			isa = PBXGroup;
			children = (
				B60B52071FCD355400B4EFDD /* AppDelegate.h */,
				B60B52081FCD355400B4EFDD /* AppDelegate.m */,
				B60B520A1FCD355400B4EFDD /* ViewController.h */,
				B60B520B1FCD355400B4EFDD /* ViewController.m */,
				B61F00CC2058D03B008C908A /* Person.h */,
				B61F00CD2058D03B008C908A /* Person.m */,
				B60B520D1FCD355400B4EFDD /* Main.storyboard */,
				B60B52101FCD355400B4EFDD /* Assets.xcassets */,
				B60B52121FCD355400B4EFDD /* LaunchScreen.storyboard */,
				B60B52151FCD355400B4EFDD /* Info.plist */,
				B60B52161FCD355400B4EFDD /* main.m */,
			);
			path = Runtime;
			sourceTree = "<group>";
		};
		B60B521F1FCD355400B4EFDD /* RuntimeTests */ = {
			isa = PBXGroup;
			children = (
				B60B52201FCD355400B4EFDD /* RuntimeTests.m */,
				B60B52221FCD355400B4EFDD /* Info.plist */,
			);
			path = RuntimeTests;
			sourceTree = "<group>";
		};
		B60B522A1FCD355400B4EFDD /* RuntimeUITests */ = {
			isa = PBXGroup;
			children = (
				B60B522B1FCD355400B4EFDD /* RuntimeUITests.m */,
				B60B522D1FCD355400B4EFDD /* Info.plist */,
			);
			path = RuntimeUITests;
			sourceTree = "<group>";
		};
/* End PBXGroup section */

/* Begin PBXNativeTarget section */
		B60B52031FCD355400B4EFDD /* Runtime */ = {
			isa = PBXNativeTarget;
			buildConfigurationList = B60B52301FCD355400B4EFDD /* Build configuration list for PBXNativeTarget "Runtime" */;
			buildPhases = (
				B60B52001FCD355400B4EFDD /* Sources */,
				B60B52011FCD355400B4EFDD /* Frameworks */,
				B60B52021FCD355400B4EFDD /* Resources */,
			);
			buildRules = (
			);
			dependencies = (
			);
			name = Runtime;
			productName = Runtime;
			productReference = B60B52041FCD355400B4EFDD /* Runtime.app */;
			productType = "com.apple.product-type.application";
		};
		B60B521B1FCD355400B4EFDD /* RuntimeTests */ = {
			isa = PBXNativeTarget;
			buildConfigurationList = B60B52331FCD355400B4EFDD /* Build configuration list for PBXNativeTarget "RuntimeTests" */;
			buildPhases = (
				B60B52181FCD355400B4EFDD /* Sources */,
				B60B52191FCD355400B4EFDD /* Frameworks */,
				B60B521A1FCD355400B4EFDD /* Resources */,
			);
			buildRules = (
			);
			dependencies = (
				B60B521E1FCD355400B4EFDD /* PBXTargetDependency */,
			);
			name = RuntimeTests;
			productName = RuntimeTests;
			productReference = B60B521C1FCD355400B4EFDD /* RuntimeTests.xctest */;
			productType = "com.apple.product-type.bundle.unit-test";
		};
		B60B52261FCD355400B4EFDD /* RuntimeUITests */ = {
			isa = PBXNativeTarget;
			buildConfigurationList = B60B52361FCD355400B4EFDD /* Build configuration list for PBXNativeTarget "RuntimeUITests" */;
			buildPhases = (
				B60B52231FCD355400B4EFDD /* Sources */,
				B60B52241FCD355400B4EFDD /* Frameworks */,
				B60B52251FCD355400B4EFDD /* Resources */,
			);
			buildRules = (
			);
			dependencies = (
				B60B52291FCD355400B4EFDD /* PBXTargetDependency */,
			);
			name = RuntimeUITests;
			productName = RuntimeUITests;
			productReference = B60B52271FCD355400B4EFDD /* RuntimeUITests.xctest */;
			productType = "com.apple.product-type.bundle.ui-testing";
		};
/* End PBXNativeTarget section */

/* Begin PBXProject section */
		B60B51FC1FCD355400B4EFDD /* Project object */ = {
			isa = PBXProject;
			attributes = {
				LastUpgradeCheck = 0900;
				ORGANIZATIONNAME = peixiaofang;
				TargetAttributes = {
					B60B52031FCD355400B4EFDD = {
						CreatedOnToolsVersion = 9.0.1;
						ProvisioningStyle = Manual;
					};
					B60B521B1FCD355400B4EFDD = {
						CreatedOnToolsVersion = 9.0.1;
						ProvisioningStyle = Automatic;
						TestTargetID = B60B52031FCD355400B4EFDD;
					};
					B60B52261FCD355400B4EFDD = {
						CreatedOnToolsVersion = 9.0.1;
						ProvisioningStyle = Automatic;
						TestTargetID = B60B52031FCD355400B4EFDD;
					};
				};
			};
			buildConfigurationList = B60B51FF1FCD355400B4EFDD /* Build configuration list for PBXProject "Runtime" */;
			compatibilityVersion = "Xcode 8.0";
			developmentRegion = en;
			hasScannedForEncodings = 0;
			knownRegions = (
				en,
				Base,
			);
			mainGroup = B60B51FB1FCD355400B4EFDD;
			productRefGroup = B60B52051FCD355400B4EFDD /* Products */;
			projectDirPath = "";
			projectRoot = "";
			targets = (
				B60B52031FCD355400B4EFDD /* Runtime */,
				B60B521B1FCD355400B4EFDD /* RuntimeTests */,
				B60B52261FCD355400B4EFDD /* RuntimeUITests */,
			);
		};
/* End PBXProject section */

/* Begin PBXResourcesBuildPhase section */
		B60B52021FCD355400B4EFDD /* Resources */ = {
			isa = PBXResourcesBuildPhase;
			buildActionMask = 2147483647;
			files = (
				B60B52141FCD355400B4EFDD /* LaunchScreen.storyboard in Resources */,
				B60B52111FCD355400B4EFDD /* Assets.xcassets in Resources */,
				B60B520F1FCD355400B4EFDD /* Main.storyboard in Resources */,
			);
			runOnlyForDeploymentPostprocessing = 0;
		};
		B60B521A1FCD355400B4EFDD /* Resources */ = {
			isa = PBXResourcesBuildPhase;
			buildActionMask = 2147483647;
			files = (
			);
			runOnlyForDeploymentPostprocessing = 0;
		};
		B60B52251FCD355400B4EFDD /* Resources */ = {
			isa = PBXResourcesBuildPhase;
			buildActionMask = 2147483647;
			files = (
			);
			runOnlyForDeploymentPostprocessing = 0;
		};
/* End PBXResourcesBuildPhase section */

/* Begin PBXSourcesBuildPhase section */
		B60B52001FCD355400B4EFDD /* Sources */ = {
			isa = PBXSourcesBuildPhase;
			buildActionMask = 2147483647;
			files = (
				B60B520C1FCD355400B4EFDD /* ViewController.m in Sources */,
				B60B52171FCD355400B4EFDD /* main.m in Sources */,
				B61F00CE2058D03B008C908A /* Person.m in Sources */,
				B60B52091FCD355400B4EFDD /* AppDelegate.m in Sources */,
			);
			runOnlyForDeploymentPostprocessing = 0;
		};
		B60B52181FCD355400B4EFDD /* Sources */ = {
			isa = PBXSourcesBuildPhase;
			buildActionMask = 2147483647;
			files = (
				B60B52211FCD355400B4EFDD /* RuntimeTests.m in Sources */,
			);
			runOnlyForDeploymentPostprocessing = 0;
		};
		B60B52231FCD355400B4EFDD /* Sources */ = {
			isa = PBXSourcesBuildPhase;
			buildActionMask = 2147483647;
			files = (
				B60B522C1FCD355400B4EFDD /* RuntimeUITests.m in Sources */,
			);
			runOnlyForDeploymentPostprocessing = 0;
		};
/* End PBXSourcesBuildPhase section */

/* Begin PBXTargetDependency section */
		B60B521E1FCD355400B4EFDD /* PBXTargetDependency */ = {
			isa = PBXTargetDependency;
			target = B60B52031FCD355400B4EFDD /* Runtime */;
			targetProxy = B60B521D1FCD355400B4EFDD /* PBXContainerItemProxy */;
		};
		B60B52291FCD355400B4EFDD /* PBXTargetDependency */ = {
			isa = PBXTargetDependency;
			target = B60B52031FCD355400B4EFDD /* Runtime */;
			targetProxy = B60B52281FCD355400B4EFDD /* PBXContainerItemProxy */;
		};
/* End PBXTargetDependency section */

/* Begin PBXVariantGroup section */
		B60B520D1FCD355400B4EFDD /* Main.storyboard */ = {
			isa = PBXVariantGroup;
			children = (
				B60B520E1FCD355400B4EFDD /* Base */,
			);
			name = Main.storyboard;
			sourceTree = "<group>";
		};
		B60B52121FCD355400B4EFDD /* LaunchScreen.storyboard */ = {
			isa = PBXVariantGroup;
			children = (
				B60B52131FCD355400B4EFDD /* Base */,
			);
			name = LaunchScreen.storyboard;
			sourceTree = "<group>";
		};
/* End PBXVariantGroup section */

/* Begin XCBuildConfiguration section */
		B60B522E1FCD355400B4EFDD /* Debug */ = {
			isa = XCBuildConfiguration;
			buildSettings = {
				ALWAYS_SEARCH_USER_PATHS = NO;
				CLANG_ANALYZER_NONNULL = YES;
				CLANG_ANALYZER_NUMBER_OBJECT_CONVERSION = YES_AGGRESSIVE;
				CLANG_CXX_LANGUAGE_STANDARD = "gnu++14";
				CLANG_CXX_LIBRARY = "libc++";
				CLANG_ENABLE_MODULES = YES;
				CLANG_ENABLE_OBJC_ARC = YES;
				CLANG_WARN_BLOCK_CAPTURE_AUTORELEASING = YES;
				CLANG_WARN_BOOL_CONVERSION = YES;
				CLANG_WARN_COMMA = YES;
				CLANG_WARN_CONSTANT_CONVERSION = YES;
				CLANG_WARN_DIRECT_OBJC_ISA_USAGE = YES_ERROR;
				CLANG_WARN_DOCUMENTATION_COMMENTS = YES;
				CLANG_WARN_EMPTY_BODY = YES;
				CLANG_WARN_ENUM_CONVERSION = YES;
				CLANG_WARN_INFINITE_RECURSION = YES;
				CLANG_WARN_INT_CONVERSION = YES;
				CLANG_WARN_NON_LITERAL_NULL_CONVERSION = YES;
				CLANG_WARN_OBJC_LITERAL_CONVERSION = YES;
				CLANG_WARN_OBJC_ROOT_CLASS = YES_ERROR;
				CLANG_WARN_RANGE_LOOP_ANALYSIS = YES;
				CLANG_WARN_STRICT_PROTOTYPES = YES;
				CLANG_WARN_SUSPICIOUS_MOVE = YES;
				CLANG_WARN_UNGUARDED_AVAILABILITY = YES_AGGRESSIVE;
				CLANG_WARN_UNREACHABLE_CODE = YES;
				CLANG_WARN__DUPLICATE_METHOD_MATCH = YES;
				CODE_SIGN_IDENTITY = "iPhone Developer";
				COPY_PHASE_STRIP = NO;
				DEBUG_INFORMATION_FORMAT = dwarf;
				ENABLE_STRICT_OBJC_MSGSEND = YES;
				ENABLE_TESTABILITY = YES;
				GCC_C_LANGUAGE_STANDARD = gnu11;
				GCC_DYNAMIC_NO_PIC = NO;
				GCC_NO_COMMON_BLOCKS = YES;
				GCC_OPTIMIZATION_LEVEL = 0;
				GCC_PREPROCESSOR_DEFINITIONS = (
					"DEBUG=1",
					"$(inherited)",
				);
				GCC_WARN_64_TO_32_BIT_CONVERSION = YES;
				GCC_WARN_ABOUT_RETURN_TYPE = YES_ERROR;
				GCC_WARN_UNDECLARED_SELECTOR = YES;
				GCC_WARN_UNINITIALIZED_AUTOS = YES_AGGRESSIVE;
				GCC_WARN_UNUSED_FUNCTION = YES;
				GCC_WARN_UNUSED_VARIABLE = YES;
				IPHONEOS_DEPLOYMENT_TARGET = 11.0;
				MTL_ENABLE_DEBUG_INFO = YES;
				ONLY_ACTIVE_ARCH = YES;
				SDKROOT = iphoneos;
			};
			name = Debug;
		};
		B60B522F1FCD355400B4EFDD /* Release */ = {
			isa = XCBuildConfiguration;
			buildSettings = {
				ALWAYS_SEARCH_USER_PATHS = NO;
				CLANG_ANALYZER_NONNULL = YES;
				CLANG_ANALYZER_NUMBER_OBJECT_CONVERSION = YES_AGGRESSIVE;
				CLANG_CXX_LANGUAGE_STANDARD = "gnu++14";
				CLANG_CXX_LIBRARY = "libc++";
				CLANG_ENABLE_MODULES = YES;
				CLANG_ENABLE_OBJC_ARC = YES;
				CLANG_WARN_BLOCK_CAPTURE_AUTORELEASING = YES;
				CLANG_WARN_BOOL_CONVERSION = YES;
				CLANG_WARN_COMMA = YES;
				CLANG_WARN_CONSTANT_CONVERSION = YES;
				CLANG_WARN_DIRECT_OBJC_ISA_USAGE = YES_ERROR;
				CLANG_WARN_DOCUMENTATION_COMMENTS = YES;
				CLANG_WARN_EMPTY_BODY = YES;
				CLANG_WARN_ENUM_CONVERSION = YES;
				CLANG_WARN_INFINITE_RECURSION = YES;
				CLANG_WARN_INT_CONVERSION = YES;
				CLANG_WARN_NON_LITERAL_NULL_CONVERSION = YES;
				CLANG_WARN_OBJC_LITERAL_CONVERSION = YES;
				CLANG_WARN_OBJC_ROOT_CLASS = YES_ERROR;
				CLANG_WARN_RANGE_LOOP_ANALYSIS = YES;
				CLANG_WARN_STRICT_PROTOTYPES = YES;
				CLANG_WARN_SUSPICIOUS_MOVE = YES;
				CLANG_WARN_UNGUARDED_AVAILABILITY = YES_AGGRESSIVE;
				CLANG_WARN_UNREACHABLE_CODE = YES;
				CLANG_WARN__DUPLICATE_METHOD_MATCH = YES;
				CODE_SIGN_IDENTITY = "iPhone Developer";
				COPY_PHASE_STRIP = NO;
				DEBUG_INFORMATION_FORMAT = "dwarf-with-dsym";
				ENABLE_NS_ASSERTIONS = NO;
				ENABLE_STRICT_OBJC_MSGSEND = YES;
				GCC_C_LANGUAGE_STANDARD = gnu11;
				GCC_NO_COMMON_BLOCKS = YES;
				GCC_WARN_64_TO_32_BIT_CONVERSION = YES;
				GCC_WARN_ABOUT_RETURN_TYPE = YES_ERROR;
				GCC_WARN_UNDECLARED_SELECTOR = YES;
				GCC_WARN_UNINITIALIZED_AUTOS = YES_AGGRESSIVE;
				GCC_WARN_UNUSED_FUNCTION = YES;
				GCC_WARN_UNUSED_VARIABLE = YES;
				IPHONEOS_DEPLOYMENT_TARGET = 11.0;
				MTL_ENABLE_DEBUG_INFO = NO;
				SDKROOT = iphoneos;
				VALIDATE_PRODUCT = YES;
			};
			name = Release;
		};
		B60B52311FCD355400B4EFDD /* Debug */ = {
			isa = XCBuildConfiguration;
			buildSettings = {
				ASSETCATALOG_COMPILER_APPICON_NAME = AppIcon;
				CODE_SIGN_STYLE = Manual;
				DEVELOPMENT_TEAM = "";
				INFOPLIST_FILE = Runtime/Info.plist;
				LD_RUNPATH_SEARCH_PATHS = "$(inherited) @executable_path/Frameworks";
				PRODUCT_BUNDLE_IDENTIFIER = peixiaofang.Runtime;
				PRODUCT_NAME = "$(TARGET_NAME)";
				PROVISIONING_PROFILE_SPECIFIER = "";
				TARGETED_DEVICE_FAMILY = "1,2";
			};
			name = Debug;
		};
		B60B52321FCD355400B4EFDD /* Release */ = {
			isa = XCBuildConfiguration;
			buildSettings = {
				ASSETCATALOG_COMPILER_APPICON_NAME = AppIcon;
				CODE_SIGN_STYLE = Manual;
				DEVELOPMENT_TEAM = "";
				INFOPLIST_FILE = Runtime/Info.plist;
				LD_RUNPATH_SEARCH_PATHS = "$(inherited) @executable_path/Frameworks";
				PRODUCT_BUNDLE_IDENTIFIER = peixiaofang.Runtime;
				PRODUCT_NAME = "$(TARGET_NAME)";
				PROVISIONING_PROFILE_SPECIFIER = "";
				TARGETED_DEVICE_FAMILY = "1,2";
			};
			name = Release;
		};
		B60B52341FCD355400B4EFDD /* Debug */ = {
			isa = XCBuildConfiguration;
			buildSettings = {
				BUNDLE_LOADER = "$(TEST_HOST)";
				CODE_SIGN_STYLE = Automatic;
				INFOPLIST_FILE = RuntimeTests/Info.plist;
				LD_RUNPATH_SEARCH_PATHS = "$(inherited) @executable_path/Frameworks @loader_path/Frameworks";
				PRODUCT_BUNDLE_IDENTIFIER = peixiaofang.RuntimeTests;
				PRODUCT_NAME = "$(TARGET_NAME)";
				TARGETED_DEVICE_FAMILY = "1,2";
				TEST_HOST = "$(BUILT_PRODUCTS_DIR)/Runtime.app/Runtime";
			};
			name = Debug;
		};
		B60B52351FCD355400B4EFDD /* Release */ = {
			isa = XCBuildConfiguration;
			buildSettings = {
				BUNDLE_LOADER = "$(TEST_HOST)";
				CODE_SIGN_STYLE = Automatic;
				INFOPLIST_FILE = RuntimeTests/Info.plist;
				LD_RUNPATH_SEARCH_PATHS = "$(inherited) @executable_path/Frameworks @loader_path/Frameworks";
				PRODUCT_BUNDLE_IDENTIFIER = peixiaofang.RuntimeTests;
				PRODUCT_NAME = "$(TARGET_NAME)";
				TARGETED_DEVICE_FAMILY = "1,2";
				TEST_HOST = "$(BUILT_PRODUCTS_DIR)/Runtime.app/Runtime";
			};
			name = Release;
		};
		B60B52371FCD355400B4EFDD /* Debug */ = {
			isa = XCBuildConfiguration;
			buildSettings = {
				CODE_SIGN_STYLE = Automatic;
				INFOPLIST_FILE = RuntimeUITests/Info.plist;
				LD_RUNPATH_SEARCH_PATHS = "$(inherited) @executable_path/Frameworks @loader_path/Frameworks";
				PRODUCT_BUNDLE_IDENTIFIER = peixiaofang.RuntimeUITests;
				PRODUCT_NAME = "$(TARGET_NAME)";
				TARGETED_DEVICE_FAMILY = "1,2";
				TEST_TARGET_NAME = Runtime;
			};
			name = Debug;
		};
		B60B52381FCD355400B4EFDD /* Release */ = {
			isa = XCBuildConfiguration;
			buildSettings = {
				CODE_SIGN_STYLE = Automatic;
				INFOPLIST_FILE = RuntimeUITests/Info.plist;
				LD_RUNPATH_SEARCH_PATHS = "$(inherited) @executable_path/Frameworks @loader_path/Frameworks";
				PRODUCT_BUNDLE_IDENTIFIER = peixiaofang.RuntimeUITests;
				PRODUCT_NAME = "$(TARGET_NAME)";
				TARGETED_DEVICE_FAMILY = "1,2";
				TEST_TARGET_NAME = Runtime;
			};
			name = Release;
		};
/* End XCBuildConfiguration section */

/* Begin XCConfigurationList section */
		B60B51FF1FCD355400B4EFDD /* Build configuration list for PBXProject "Runtime" */ = {
			isa = XCConfigurationList;
			buildConfigurations = (
				B60B522E1FCD355400B4EFDD /* Debug */,
				B60B522F1FCD355400B4EFDD /* Release */,
			);
			defaultConfigurationIsVisible = 0;
			defaultConfigurationName = Release;
		};
		B60B52301FCD355400B4EFDD /* Build configuration list for PBXNativeTarget "Runtime" */ = {
			isa = XCConfigurationList;
			buildConfigurations = (
				B60B52311FCD355400B4EFDD /* Debug */,
				B60B52321FCD355400B4EFDD /* Release */,
			);
			defaultConfigurationIsVisible = 0;
			defaultConfigurationName = Release;
		};
		B60B52331FCD355400B4EFDD /* Build configuration list for PBXNativeTarget "RuntimeTests" */ = {
			isa = XCConfigurationList;
			buildConfigurations = (
				B60B52341FCD355400B4EFDD /* Debug */,
				B60B52351FCD355400B4EFDD /* Release */,
			);
			defaultConfigurationIsVisible = 0;
			defaultConfigurationName = Release;
		};
		B60B52361FCD355400B4EFDD /* Build configuration list for PBXNativeTarget "RuntimeUITests" */ = {
			isa = XCConfigurationList;
			buildConfigurations = (
				B60B52371FCD355400B4EFDD /* Debug */,
				B60B52381FCD355400B4EFDD /* Release */,
			);
			defaultConfigurationIsVisible = 0;
			defaultConfigurationName = Release;
		};
/* End XCConfigurationList section */
	};
	rootObject = B60B51FC1FCD355400B4EFDD /* Project object */;
}
